
Microsoft Visual Studio Solution File, Format Version 12.00
# Visual Studio 15
VisualStudioVersion = 15.0.28307.168
MinimumVisualStudioVersion = 10.0.40219.1
Project("{FAE04EC0-301F-11D3-BF4B-00C04F79EFBC}") = "NewTodoList.Server", "NewTodoList.Server\NewTodoList.Server.csproj", "{4365D540-0A43-4626-832A-C1BE892E37EF}"
EndProject
Project("{FAE04EC0-301F-11D3-BF4B-00C04F79EFBC}") = "NewTodoList.Client", "NewTodoList.Client\NewTodoList.Client.csproj", "{F61E6403-1C50-4F8D-9B1F-BC742116EA8D}"
EndProject
Project("{FAE04EC0-301F-11D3-BF4B-00C04F79EFBC}") = "NewTodoList.Shared", "NewTodoList.Shared\NewTodoList.Shared.csproj", "{742A63D6-7EA5-4F63-8972-CE6AC3DA9E52}"
EndProject
Global
	GlobalSection(SolutionConfigurationPlatforms) = preSolution
		Debug|Any CPU = Debug|Any CPU
		Release|Any CPU = Release|Any CPU
	EndGlobalSection
	GlobalSection(ProjectConfigurationPlatforms) = postSolution
		{4365D540-0A43-4626-832A-C1BE892E37EF}.Debug|Any CPU.ActiveCfg = Debug|Any CPU
		{4365D540-0A43-4626-832A-C1BE892E37EF}.Debug|Any CPU.Build.0 = Debug|Any CPU
		{4365D540-0A43-4626-832A-C1BE892E37EF}.Release|Any CPU.ActiveCfg = Release|Any CPU
		{4365D540-0A43-4626-832A-C1BE892E37EF}.Release|Any CPU.Build.0 = Release|Any CPU
		{F61E6403-1C50-4F8D-9B1F-BC742116EA8D}.Debug|Any CPU.ActiveCfg = Debug|Any CPU
		{F61E6403-1C50-4F8D-9B1F-BC742116EA8D}.Debug|Any CPU.Build.0 = Debug|Any CPU
		{F61E6403-1C50-4F8D-9B1F-BC742116EA8D}.Release|Any CPU.ActiveCfg = Release|Any CPU
		{F61E6403-1C50-4F8D-9B1F-BC742116EA8D}.Release|Any CPU.Build.0 = Release|Any CPU
		{742A63D6-7EA5-4F63-8972-CE6AC3DA9E52}.Debug|Any CPU.ActiveCfg = Debug|Any CPU
		{742A63D6-7EA5-4F63-8972-CE6AC3DA9E52}.Debug|Any CPU.Build.0 = Debug|Any CPU
		{742A63D6-7EA5-4F63-8972-CE6AC3DA9E52}.Release|Any CPU.ActiveCfg = Release|Any CPU
		{742A63D6-7EA5-4F63-8972-CE6AC3DA9E52}.Release|Any CPU.Build.0 = Release|Any CPU
	EndGlobalSection
	GlobalSection(SolutionProperties) = preSolution
		HideSolutionNode = FALSE
	EndGlobalSection
	GlobalSection(ExtensibilityGlobals) = postSolution
		SolutionGuid = {D1F0DF24-1BB6-4C59-A136-1F22EB9AB80E}
	EndGlobalSection
EndGlobal
